
Microsoft Visual Studio Solution File, Format Version 12.00
# Visual Studio Version 16
VisualStudioVersion = 16.0.31613.86
MinimumVisualStudioVersion = 10.0.40219.1
Project("{9A19103F-16F7-4668-BE54-9A1E7A4F7556}") = "GenericDemos", "GenericDemos.csproj", "{5CA66E5C-6C46-4DDD-B6DF-EE76DC0B90EB}"
EndProject
Global
	GlobalSection(SolutionConfigurationPlatforms) = preSolution
		Debug|Any CPU = Debug|Any CPU
		Release|Any CPU = Release|Any CPU
	EndGlobalSection
	GlobalSection(ProjectConfigurationPlatforms) = postSolution
		{5CA66E5C-6C46-4DDD-B6DF-EE76DC0B90EB}.Debug|Any CPU.ActiveCfg = Debug|Any CPU
		{5CA66E5C-6C46-4DDD-B6DF-EE76DC0B90EB}.Debug|Any CPU.Build.0 = Debug|Any CPU
		{5CA66E5C-6C46-4DDD-B6DF-EE76DC0B90EB}.Release|Any CPU.ActiveCfg = Release|Any CPU
		{5CA66E5C-6C46-4DDD-B6DF-EE76DC0B90EB}.Release|Any CPU.Build.0 = Release|Any CPU
	EndGlobalSection
	GlobalSection(SolutionProperties) = preSolution
		HideSolutionNode = FALSE
	EndGlobalSection
	GlobalSection(ExtensibilityGlobals) = postSolution
		SolutionGuid = {FE849EB4-1A69-467D-890D-3AC3DA3FCFAB}
	EndGlobalSection
EndGlobal
